
Microsoft Visual Studio Solution File, Format Version 12.00
# Visual Studio 2012
Project("{8BC9CEB8-8B4A-11D0-8D11-00A0C91BC942}") = "Chess", "Chess\Chess.vcxproj", "{2805B8C4-FCAD-4AA8-8418-8C3C46C1F310}"
EndProject
Project("{8BC9CEB8-8B4A-11D0-8D11-00A0C91BC942}") = "GoogleTest", "GoogleTest\GoogleTest.vcxproj", "{2AF16639-843D-4BA2-8077-4E605E2A35F0}"
EndProject
Project("{8BC9CEB8-8B4A-11D0-8D11-00A0C91BC942}") = "Chess.Test", "Chess.Test\Chess.Test.vcxproj", "{4450CAE6-1139-45E5-91DF-823C6AD38EE1}"
EndProject
Project("{8BC9CEB8-8B4A-11D0-8D11-00A0C91BC942}") = "ChessStructure", "ChessStructure\ChessStructure.vcxproj", "{599565C5-B6D9-4231-BB4F-6FC90C4E0F1D}"
EndProject
Global
	GlobalSection(SolutionConfigurationPlatforms) = preSolution
		Debug|Win32 = Debug|Win32
		Release|Win32 = Release|Win32
	EndGlobalSection
	GlobalSection(ProjectConfigurationPlatforms) = postSolution
		{2805B8C4-FCAD-4AA8-8418-8C3C46C1F310}.Debug|Win32.ActiveCfg = Debug|Win32
		{2805B8C4-FCAD-4AA8-8418-8C3C46C1F310}.Debug|Win32.Build.0 = Debug|Win32
		{2805B8C4-FCAD-4AA8-8418-8C3C46C1F310}.Release|Win32.ActiveCfg = Release|Win32
		{2805B8C4-FCAD-4AA8-8418-8C3C46C1F310}.Release|Win32.Build.0 = Release|Win32
		{2AF16639-843D-4BA2-8077-4E605E2A35F0}.Debug|Win32.ActiveCfg = Debug|Win32
		{2AF16639-843D-4BA2-8077-4E605E2A35F0}.Debug|Win32.Build.0 = Debug|Win32
		{2AF16639-843D-4BA2-8077-4E605E2A35F0}.Release|Win32.ActiveCfg = Release|Win32
		{2AF16639-843D-4BA2-8077-4E605E2A35F0}.Release|Win32.Build.0 = Release|Win32
		{4450CAE6-1139-45E5-91DF-823C6AD38EE1}.Debug|Win32.ActiveCfg = Debug|Win32
		{4450CAE6-1139-45E5-91DF-823C6AD38EE1}.Debug|Win32.Build.0 = Debug|Win32
		{4450CAE6-1139-45E5-91DF-823C6AD38EE1}.Release|Win32.ActiveCfg = Release|Win32
		{4450CAE6-1139-45E5-91DF-823C6AD38EE1}.Release|Win32.Build.0 = Release|Win32
		{599565C5-B6D9-4231-BB4F-6FC90C4E0F1D}.Debug|Win32.ActiveCfg = Debug|Win32
		{599565C5-B6D9-4231-BB4F-6FC90C4E0F1D}.Debug|Win32.Build.0 = Debug|Win32
		{599565C5-B6D9-4231-BB4F-6FC90C4E0F1D}.Release|Win32.ActiveCfg = Release|Win32
		{599565C5-B6D9-4231-BB4F-6FC90C4E0F1D}.Release|Win32.Build.0 = Release|Win32
	EndGlobalSection
	GlobalSection(SolutionProperties) = preSolution
		HideSolutionNode = FALSE
	EndGlobalSection
EndGlobal
