<?xml version="1.0" encoding="utf-8"?>
<Project ToolsVersion="4.0" xmlns="http://schemas.microsoft.com/developer/msbuild/2003">
  <ItemGroup>
    <Filter Include="Source Files">
      <UniqueIdentifier>{4FC737F1-C7A5-4376-A066-2A32D752A2FF}</UniqueIdentifier>
      <Extensions>cpp;c;cc;cxx;def;odl;idl;hpj;bat;asm;asmx</Extensions>
    </Filter>
    <Filter Include="Header Files">
      <UniqueIdentifier>{93995380-89BD-4b04-88EB-625FBE52EBFB}</UniqueIdentifier>
      <Extensions>h;hpp;hxx;hm;inl;inc;xsd</Extensions>
    </Filter>
    <Filter Include="Resource Files">
      <UniqueIdentifier>{67DA6AB6-F800-4c08-8B7A-83BB121AAD01}</UniqueIdentifier>
      <Extensions>rc;ico;cur;bmp;dlg;rc2;rct;bin;rgs;gif;jpg;jpeg;jpe;resx;tiff;tif;png;wav;mfcribbon-ms</Extensions>
    </Filter>
    <Filter Include="Header Files\Figures Declaration">
      <UniqueIdentifier>{0485459a-3c36-46b4-a701-f5d3c8691921}</UniqueIdentifier>
    </Filter>
    <Filter Include="Source Files\Figures Implementation">
      <UniqueIdentifier>{ed69679d-ee51-42a6-b698-476444793679}</UniqueIdentifier>
    </Filter>
  </ItemGroup>
  <ItemGroup>
    <ClCompile Include="Chessboard.cpp">
      <Filter>Source Files</Filter>
    </ClCompile>
    <ClCompile Include="GameManager.cpp">
      <Filter>Source Files</Filter>
    </ClCompile>
    <ClCompile Include="GuiInterface.cpp">
      <Filter>Source Files</Filter>
    </ClCompile>
    <ClCompile Include="MoveInfo.cpp">
      <Filter>Source Files</Filter>
    </ClCompile>
    <ClCompile Include="Player.cpp">
      <Filter>Source Files</Filter>
    </ClCompile>
    <ClCompile Include="Figures\Bishop.cpp">
      <Filter>Source Files\Figures Implementation</Filter>
    </ClCompile>
    <ClCompile Include="Figure.cpp">
      <Filter>Source Files\Figures Implementation</Filter>
    </ClCompile>
    <ClCompile Include="Figures\Horse.cpp">
      <Filter>Source Files\Figures Implementation</Filter>
    </ClCompile>
    <ClCompile Include="Figures\King.cpp">
      <Filter>Source Files\Figures Implementation</Filter>
    </ClCompile>
    <ClCompile Include="Figures\Pawn.cpp">
      <Filter>Source Files\Figures Implementation</Filter>
    </ClCompile>
    <ClCompile Include="Figures\Queen.cpp">
      <Filter>Source Files\Figures Implementation</Filter>
    </ClCompile>
    <ClCompile Include="Figures\Rook.cpp">
      <Filter>Source Files\Figures Implementation</Filter>
    </ClCompile>
  </ItemGroup>
  <ItemGroup>
    <ClInclude Include="Chessboard.h">
      <Filter>Header Files</Filter>
    </ClInclude>
    <ClInclude Include="chessInclude.h">
      <Filter>Header Files</Filter>
    </ClInclude>
    <ClInclude Include="Figures.h">
      <Filter>Header Files</Filter>
    </ClInclude>
    <ClInclude Include="GameManager.h">
      <Filter>Header Files</Filter>
    </ClInclude>
    <ClInclude Include="GuiInterface.h">
      <Filter>Header Files</Filter>
    </ClInclude>
    <ClInclude Include="MoveInfo.h">
      <Filter>Header Files</Filter>
    </ClInclude>
    <ClInclude Include="Player.h">
      <Filter>Header Files</Filter>
    </ClInclude>
    <ClInclude Include="Figures\Bishop.hpp">
      <Filter>Header Files\Figures Declaration</Filter>
    </ClInclude>
    <ClInclude Include="Figures\Horse.hpp">
      <Filter>Header Files\Figures Declaration</Filter>
    </ClInclude>
    <ClInclude Include="Figures\King.hpp">
      <Filter>Header Files\Figures Declaration</Filter>
    </ClInclude>
    <ClInclude Include="Figures\Pawn.hpp">
      <Filter>Header Files\Figures Declaration</Filter>
    </ClInclude>
    <ClInclude Include="Figures\Queen.hpp">
      <Filter>Header Files\Figures Declaration</Filter>
    </ClInclude>
    <ClInclude Include="Figures\Rook.hpp">
      <Filter>Header Files\Figures Declaration</Filter>
    </ClInclude>
    <ClInclude Include="Figure.h">
      <Filter>Header Files\Figures Declaration</Filter>
    </ClInclude>
  </ItemGroup>
</Project>